
Microsoft Visual Studio Solution File, Format Version 12.00
# Visual Studio Version 17
VisualStudioVersion = 17.5.33414.496
MinimumVisualStudioVersion = 10.0.40219.1
Project("{FAE04EC0-301F-11D3-BF4B-00C04F79EFBC}") = "TALab6", "TALab6\TALab6.csproj", "{51FBDB14-AF33-44E9-A700-9235E843B05B}"
EndProject
Global
	GlobalSection(SolutionConfigurationPlatforms) = preSolution
		Debug|Any CPU = Debug|Any CPU
		Release|Any CPU = Release|Any CPU
	EndGlobalSection
	GlobalSection(ProjectConfigurationPlatforms) = postSolution
		{51FBDB14-AF33-44E9-A700-9235E843B05B}.Debug|Any CPU.ActiveCfg = Debug|Any CPU
		{51FBDB14-AF33-44E9-A700-9235E843B05B}.Debug|Any CPU.Build.0 = Debug|Any CPU
		{51FBDB14-AF33-44E9-A700-9235E843B05B}.Release|Any CPU.ActiveCfg = Release|Any CPU
		{51FBDB14-AF33-44E9-A700-9235E843B05B}.Release|Any CPU.Build.0 = Release|Any CPU
	EndGlobalSection
	GlobalSection(SolutionProperties) = preSolution
		HideSolutionNode = FALSE
	EndGlobalSection
	GlobalSection(ExtensibilityGlobals) = postSolution
		SolutionGuid = {AC5809EA-BD75-4F56-851B-16FAA7D527F4}
	EndGlobalSection
EndGlobal
